// !$*UTF8*$!
{
	archiveVersion = 1;
	classes = {
	};
	objectVersion = 48;
	objects = {

/* Begin PBXBuildFile section */
		32CA4E4CCF9FEE5CDE846F22 /* Pods_Multithreading.framework in Frameworks */ = {isa = PBXBuildFile; fileRef = 92ADBD922AA68FF9CE76028F /* Pods_Multithreading.framework */; };
		AC13AC6520528201002E5821 /* AppDelegate.swift in Sources */ = {isa = PBXBuildFile; fileRef = AC13AC6420528201002E5821 /* AppDelegate.swift */; };
		AC13AC6720528201002E5821 /* ViewController.swift in Sources */ = {isa = PBXBuildFile; fileRef = AC13AC6620528201002E5821 /* ViewController.swift */; };
		AC13AC6A20528201002E5821 /* Main.storyboard in Resources */ = {isa = PBXBuildFile; fileRef = AC13AC6820528201002E5821 /* Main.storyboard */; };
		AC13AC6C20528201002E5821 /* Assets.xcassets in Resources */ = {isa = PBXBuildFile; fileRef = AC13AC6B20528201002E5821 /* Assets.xcassets */; };
		AC13AC6F20528201002E5821 /* LaunchScreen.storyboard in Resources */ = {isa = PBXBuildFile; fileRef = AC13AC6D20528201002E5821 /* LaunchScreen.storyboard */; };
/* End PBXBuildFile section */

/* Begin PBXFileReference section */
		1DA49D2D0793828816770B59 /* Pods-Multithreading.debug.xcconfig */ = {isa = PBXFileReference; includeInIndex = 1; lastKnownFileType = text.xcconfig; name = "Pods-Multithreading.debug.xcconfig"; path = "Pods/Target Support Files/Pods-Multithreading/Pods-Multithreading.debug.xcconfig"; sourceTree = "<group>"; };
		47FF7CD723D3634DD7A42341 /* Pods-Multithreading.release.xcconfig */ = {isa = PBXFileReference; includeInIndex = 1; lastKnownFileType = text.xcconfig; name = "Pods-Multithreading.release.xcconfig"; path = "Pods/Target Support Files/Pods-Multithreading/Pods-Multithreading.release.xcconfig"; sourceTree = "<group>"; };
		92ADBD922AA68FF9CE76028F /* Pods_Multithreading.framework */ = {isa = PBXFileReference; explicitFileType = wrapper.framework; includeInIndex = 0; path = Pods_Multithreading.framework; sourceTree = BUILT_PRODUCTS_DIR; };
		AC13AC6120528201002E5821 /* Multithreading.app */ = {isa = PBXFileReference; explicitFileType = wrapper.application; includeInIndex = 0; path = Multithreading.app; sourceTree = BUILT_PRODUCTS_DIR; };
		AC13AC6420528201002E5821 /* AppDelegate.swift */ = {isa = PBXFileReference; lastKnownFileType = sourcecode.swift; path = AppDelegate.swift; sourceTree = "<group>"; };
		AC13AC6620528201002E5821 /* ViewController.swift */ = {isa = PBXFileReference; lastKnownFileType = sourcecode.swift; path = ViewController.swift; sourceTree = "<group>"; };
		AC13AC6920528201002E5821 /* Base */ = {isa = PBXFileReference; lastKnownFileType = file.storyboard; name = Base; path = Base.lproj/Main.storyboard; sourceTree = "<group>"; };
		AC13AC6B20528201002E5821 /* Assets.xcassets */ = {isa = PBXFileReference; lastKnownFileType = folder.assetcatalog; path = Assets.xcassets; sourceTree = "<group>"; };
		AC13AC6E20528201002E5821 /* Base */ = {isa = PBXFileReference; lastKnownFileType = file.storyboard; name = Base; path = Base.lproj/LaunchScreen.storyboard; sourceTree = "<group>"; };
		AC13AC7020528201002E5821 /* Info.plist */ = {isa = PBXFileReference; lastKnownFileType = text.plist.xml; path = Info.plist; sourceTree = "<group>"; };
		AC9B8B50209368BD006615EF /* ci-script.bash */ = {isa = PBXFileReference; lastKnownFileType = text; name = "ci-script.bash"; path = "scripts/ci-script.bash"; sourceTree = "<group>"; };
/* End PBXFileReference section */

/* Begin PBXFrameworksBuildPhase section */
		AC13AC5E20528201002E5821 /* Frameworks */ = {
			isa = PBXFrameworksBuildPhase;
			buildActionMask = 2147483647;
			files = (
				32CA4E4CCF9FEE5CDE846F22 /* Pods_Multithreading.framework in Frameworks */,
			);
			runOnlyForDeploymentPostprocessing = 0;
		};
/* End PBXFrameworksBuildPhase section */

/* Begin PBXGroup section */
		02E9FC1A36F1EF39AA5D19BC /* Pods */ = {
			isa = PBXGroup;
			children = (
				1DA49D2D0793828816770B59 /* Pods-Multithreading.debug.xcconfig */,
				47FF7CD723D3634DD7A42341 /* Pods-Multithreading.release.xcconfig */,
			);
			name = Pods;
			sourceTree = "<group>";
		};
		2C984C823B7B0C7DCC953C12 /* Frameworks */ = {
			isa = PBXGroup;
			children = (
				92ADBD922AA68FF9CE76028F /* Pods_Multithreading.framework */,
			);
			name = Frameworks;
			sourceTree = "<group>";
		};
		AC13AC5820528201002E5821 = {
			isa = PBXGroup;
			children = (
				AC9B8B50209368BD006615EF /* ci-script.bash */,
				AC13AC6320528201002E5821 /* threads */,
				AC13AC6220528201002E5821 /* Products */,
				02E9FC1A36F1EF39AA5D19BC /* Pods */,
				2C984C823B7B0C7DCC953C12 /* Frameworks */,
			);
			sourceTree = "<group>";
		};
		AC13AC6220528201002E5821 /* Products */ = {
			isa = PBXGroup;
			children = (
				AC13AC6120528201002E5821 /* Multithreading.app */,
			);
			name = Products;
			sourceTree = "<group>";
		};
		AC13AC6320528201002E5821 /* threads */ = {
			isa = PBXGroup;
			children = (
				AC13AC6420528201002E5821 /* AppDelegate.swift */,
				AC13AC6620528201002E5821 /* ViewController.swift */,
				AC13AC6820528201002E5821 /* Main.storyboard */,
				AC13AC6B20528201002E5821 /* Assets.xcassets */,
				AC13AC6D20528201002E5821 /* LaunchScreen.storyboard */,
				AC13AC7020528201002E5821 /* Info.plist */,
			);
			path = threads;
			sourceTree = "<group>";
		};
/* End PBXGroup section */

/* Begin PBXNativeTarget section */
		AC13AC6020528201002E5821 /* Multithreading */ = {
			isa = PBXNativeTarget;
			buildConfigurationList = AC13AC7320528201002E5821 /* Build configuration list for PBXNativeTarget "Multithreading" */;
			buildPhases = (
				5A3B1E22A025791D811C510D /* [CP] Check Pods Manifest.lock */,
				AC13AC5D20528201002E5821 /* Sources */,
				AC13AC5E20528201002E5821 /* Frameworks */,
				AC13AC5F20528201002E5821 /* Resources */,
				5E28FD25993969201D2DDF0B /* [CP] Embed Pods Frameworks */,
				1406020A0264C41B782AC22F /* [CP] Copy Pods Resources */,
			);
			buildRules = (
			);
			dependencies = (
			);
			name = Multithreading;
			productName = threads;
			productReference = AC13AC6120528201002E5821 /* Multithreading.app */;
			productType = "com.apple.product-type.application";
		};
/* End PBXNativeTarget section */

/* Begin PBXProject section */
		AC13AC5920528201002E5821 /* Project object */ = {
			isa = PBXProject;
			attributes = {
				LastSwiftUpdateCheck = 0920;
				LastUpgradeCheck = 0920;
				ORGANIZATIONNAME = "Ankush Kushwaha";
				TargetAttributes = {
					AC13AC6020528201002E5821 = {
						CreatedOnToolsVersion = 9.2;
						ProvisioningStyle = Automatic;
					};
				};
			};
			buildConfigurationList = AC13AC5C20528201002E5821 /* Build configuration list for PBXProject "Multithreadingtest" */;
			compatibilityVersion = "Xcode 8.0";
			developmentRegion = en;
			hasScannedForEncodings = 0;
			knownRegions = (
				en,
				Base,
			);
			mainGroup = AC13AC5820528201002E5821;
			productRefGroup = AC13AC6220528201002E5821 /* Products */;
			projectDirPath = "";
			projectRoot = "";
			targets = (
				AC13AC6020528201002E5821 /* Multithreading */,
			);
		};
/* End PBXProject section */

/* Begin PBXResourcesBuildPhase section */
		AC13AC5F20528201002E5821 /* Resources */ = {
			isa = PBXResourcesBuildPhase;
			buildActionMask = 2147483647;
			files = (
				AC13AC6F20528201002E5821 /* LaunchScreen.storyboard in Resources */,
				AC13AC6C20528201002E5821 /* Assets.xcassets in Resources */,
				AC13AC6A20528201002E5821 /* Main.storyboard in Resources */,
			);
			runOnlyForDeploymentPostprocessing = 0;
		};
/* End PBXResourcesBuildPhase section */

/* Begin PBXShellScriptBuildPhase section */
		1406020A0264C41B782AC22F /* [CP] Copy Pods Resources */ = {
			isa = PBXShellScriptBuildPhase;
			buildActionMask = 2147483647;
			files = (
			);
			inputPaths = (
			);
			name = "[CP] Copy Pods Resources";
			outputPaths = (
			);
			runOnlyForDeploymentPostprocessing = 0;
			shellPath = /bin/sh;
			shellScript = "\"${SRCROOT}/Pods/Target Support Files/Pods-Multithreading/Pods-Multithreading-resources.sh\"\n";
			showEnvVarsInLog = 0;
		};
		5A3B1E22A025791D811C510D /* [CP] Check Pods Manifest.lock */ = {
			isa = PBXShellScriptBuildPhase;
			buildActionMask = 2147483647;
			files = (
			);
			inputPaths = (
				"${PODS_PODFILE_DIR_PATH}/Podfile.lock",
				"${PODS_ROOT}/Manifest.lock",
			);
			name = "[CP] Check Pods Manifest.lock";
			outputPaths = (
				"$(DERIVED_FILE_DIR)/Pods-Multithreading-checkManifestLockResult.txt",
			);
			runOnlyForDeploymentPostprocessing = 0;
			shellPath = /bin/sh;
			shellScript = "diff \"${PODS_PODFILE_DIR_PATH}/Podfile.lock\" \"${PODS_ROOT}/Manifest.lock\" > /dev/null\nif [ $? != 0 ] ; then\n    # print error to STDERR\n    echo \"error: The sandbox is not in sync with the Podfile.lock. Run 'pod install' or update your CocoaPods installation.\" >&2\n    exit 1\nfi\n# This output is used by Xcode 'outputs' to avoid re-running this script phase.\necho \"SUCCESS\" > \"${SCRIPT_OUTPUT_FILE_0}\"\n";
			showEnvVarsInLog = 0;
		};
		5E28FD25993969201D2DDF0B /* [CP] Embed Pods Frameworks */ = {
			isa = PBXShellScriptBuildPhase;
			buildActionMask = 2147483647;
			files = (
			);
			inputPaths = (
				"${SRCROOT}/Pods/Target Support Files/Pods-Multithreading/Pods-Multithreading-frameworks.sh",
				"${BUILT_PRODUCTS_DIR}/MBProgressHUD/MBProgressHUD.framework",
			);
			name = "[CP] Embed Pods Frameworks";
			outputPaths = (
				"${TARGET_BUILD_DIR}/${FRAMEWORKS_FOLDER_PATH}/MBProgressHUD.framework",
			);
			runOnlyForDeploymentPostprocessing = 0;
			shellPath = /bin/sh;
			shellScript = "\"${SRCROOT}/Pods/Target Support Files/Pods-Multithreading/Pods-Multithreading-frameworks.sh\"\n";
			showEnvVarsInLog = 0;
		};
/* End PBXShellScriptBuildPhase section */

/* Begin PBXSourcesBuildPhase section */
		AC13AC5D20528201002E5821 /* Sources */ = {
			isa = PBXSourcesBuildPhase;
			buildActionMask = 2147483647;
			files = (
				AC13AC6720528201002E5821 /* ViewController.swift in Sources */,
				AC13AC6520528201002E5821 /* AppDelegate.swift in Sources */,
			);
			runOnlyForDeploymentPostprocessing = 0;
		};
/* End PBXSourcesBuildPhase section */

/* Begin PBXVariantGroup section */
		AC13AC6820528201002E5821 /* Main.storyboard */ = {
			isa = PBXVariantGroup;
			children = (
				AC13AC6920528201002E5821 /* Base */,
			);
			name = Main.storyboard;
			sourceTree = "<group>";
		};
		AC13AC6D20528201002E5821 /* LaunchScreen.storyboard */ = {
			isa = PBXVariantGroup;
			children = (
				AC13AC6E20528201002E5821 /* Base */,
			);
			name = LaunchScreen.storyboard;
			sourceTree = "<group>";
		};
/* End PBXVariantGroup section */

/* Begin XCBuildConfiguration section */
		AC13AC7120528201002E5821 /* Debug */ = {
			isa = XCBuildConfiguration;
			buildSettings = {
				ALWAYS_SEARCH_USER_PATHS = NO;
				CLANG_ANALYZER_NONNULL = YES;
				CLANG_ANALYZER_NUMBER_OBJECT_CONVERSION = YES_AGGRESSIVE;
				CLANG_CXX_LANGUAGE_STANDARD = "gnu++14";
				CLANG_CXX_LIBRARY = "libc++";
				CLANG_ENABLE_MODULES = YES;
				CLANG_ENABLE_OBJC_ARC = YES;
				CLANG_WARN_BLOCK_CAPTURE_AUTORELEASING = YES;
				CLANG_WARN_BOOL_CONVERSION = YES;
				CLANG_WARN_COMMA = YES;
				CLANG_WARN_CONSTANT_CONVERSION = YES;
				CLANG_WARN_DIRECT_OBJC_ISA_USAGE = YES_ERROR;
				CLANG_WARN_DOCUMENTATION_COMMENTS = YES;
				CLANG_WARN_EMPTY_BODY = YES;
				CLANG_WARN_ENUM_CONVERSION = YES;
				CLANG_WARN_INFINITE_RECURSION = YES;
				CLANG_WARN_INT_CONVERSION = YES;
				CLANG_WARN_NON_LITERAL_NULL_CONVERSION = YES;
				CLANG_WARN_OBJC_LITERAL_CONVERSION = YES;
				CLANG_WARN_OBJC_ROOT_CLASS = YES_ERROR;
				CLANG_WARN_RANGE_LOOP_ANALYSIS = YES;
				CLANG_WARN_STRICT_PROTOTYPES = YES;
				CLANG_WARN_SUSPICIOUS_MOVE = YES;
				CLANG_WARN_UNGUARDED_AVAILABILITY = YES_AGGRESSIVE;
				CLANG_WARN_UNREACHABLE_CODE = YES;
				CLANG_WARN__DUPLICATE_METHOD_MATCH = YES;
				CODE_SIGN_IDENTITY = "iPhone Developer";
				COPY_PHASE_STRIP = NO;
				DEBUG_INFORMATION_FORMAT = dwarf;
				ENABLE_STRICT_OBJC_MSGSEND = YES;
				ENABLE_TESTABILITY = YES;
				GCC_C_LANGUAGE_STANDARD = gnu11;
				GCC_DYNAMIC_NO_PIC = NO;
				GCC_NO_COMMON_BLOCKS = YES;
				GCC_OPTIMIZATION_LEVEL = 0;
				GCC_PREPROCESSOR_DEFINITIONS = (
					"DEBUG=1",
					"$(inherited)",
				);
				GCC_WARN_64_TO_32_BIT_CONVERSION = YES;
				GCC_WARN_ABOUT_RETURN_TYPE = YES_ERROR;
				GCC_WARN_UNDECLARED_SELECTOR = YES;
				GCC_WARN_UNINITIALIZED_AUTOS = YES_AGGRESSIVE;
				GCC_WARN_UNUSED_FUNCTION = YES;
				GCC_WARN_UNUSED_VARIABLE = YES;
				IPHONEOS_DEPLOYMENT_TARGET = 11.2;
				MTL_ENABLE_DEBUG_INFO = YES;
				ONLY_ACTIVE_ARCH = YES;
				SDKROOT = iphoneos;
				SWIFT_ACTIVE_COMPILATION_CONDITIONS = DEBUG;
				SWIFT_OPTIMIZATION_LEVEL = "-Onone";
			};
			name = Debug;
		};
		AC13AC7220528201002E5821 /* Release */ = {
			isa = XCBuildConfiguration;
			buildSettings = {
				ALWAYS_SEARCH_USER_PATHS = NO;
				CLANG_ANALYZER_NONNULL = YES;
				CLANG_ANALYZER_NUMBER_OBJECT_CONVERSION = YES_AGGRESSIVE;
				CLANG_CXX_LANGUAGE_STANDARD = "gnu++14";
				CLANG_CXX_LIBRARY = "libc++";
				CLANG_ENABLE_MODULES = YES;
				CLANG_ENABLE_OBJC_ARC = YES;
				CLANG_WARN_BLOCK_CAPTURE_AUTORELEASING = YES;
				CLANG_WARN_BOOL_CONVERSION = YES;
				CLANG_WARN_COMMA = YES;
				CLANG_WARN_CONSTANT_CONVERSION = YES;
				CLANG_WARN_DIRECT_OBJC_ISA_USAGE = YES_ERROR;
				CLANG_WARN_DOCUMENTATION_COMMENTS = YES;
				CLANG_WARN_EMPTY_BODY = YES;
				CLANG_WARN_ENUM_CONVERSION = YES;
				CLANG_WARN_INFINITE_RECURSION = YES;
				CLANG_WARN_INT_CONVERSION = YES;
				CLANG_WARN_NON_LITERAL_NULL_CONVERSION = YES;
				CLANG_WARN_OBJC_LITERAL_CONVERSION = YES;
				CLANG_WARN_OBJC_ROOT_CLASS = YES_ERROR;
				CLANG_WARN_RANGE_LOOP_ANALYSIS = YES;
				CLANG_WARN_STRICT_PROTOTYPES = YES;
				CLANG_WARN_SUSPICIOUS_MOVE = YES;
				CLANG_WARN_UNGUARDED_AVAILABILITY = YES_AGGRESSIVE;
				CLANG_WARN_UNREACHABLE_CODE = YES;
				CLANG_WARN__DUPLICATE_METHOD_MATCH = YES;
				CODE_SIGN_IDENTITY = "iPhone Developer";
				COPY_PHASE_STRIP = NO;
				DEBUG_INFORMATION_FORMAT = "dwarf-with-dsym";
				ENABLE_NS_ASSERTIONS = NO;
				ENABLE_STRICT_OBJC_MSGSEND = YES;
				GCC_C_LANGUAGE_STANDARD = gnu11;
				GCC_NO_COMMON_BLOCKS = YES;
				GCC_WARN_64_TO_32_BIT_CONVERSION = YES;
				GCC_WARN_ABOUT_RETURN_TYPE = YES_ERROR;
				GCC_WARN_UNDECLARED_SELECTOR = YES;
				GCC_WARN_UNINITIALIZED_AUTOS = YES_AGGRESSIVE;
				GCC_WARN_UNUSED_FUNCTION = YES;
				GCC_WARN_UNUSED_VARIABLE = YES;
				IPHONEOS_DEPLOYMENT_TARGET = 11.2;
				MTL_ENABLE_DEBUG_INFO = NO;
				SDKROOT = iphoneos;
				SWIFT_OPTIMIZATION_LEVEL = "-Owholemodule";
				VALIDATE_PRODUCT = YES;
			};
			name = Release;
		};
		AC13AC7420528201002E5821 /* Debug */ = {
			isa = XCBuildConfiguration;
			baseConfigurationReference = 1DA49D2D0793828816770B59 /* Pods-Multithreading.debug.xcconfig */;
			buildSettings = {
				ASSETCATALOG_COMPILER_APPICON_NAME = AppIcon;
				CODE_SIGN_STYLE = Automatic;
				DEVELOPMENT_TEAM = SB865CS7Y5;
				INFOPLIST_FILE = threads/Info.plist;
				LD_RUNPATH_SEARCH_PATHS = "$(inherited) @executable_path/Frameworks";
				PRODUCT_BUNDLE_IDENTIFIER = com.starcut.threads;
				PRODUCT_NAME = "$(TARGET_NAME)";
				SWIFT_VERSION = 4.0;
				TARGETED_DEVICE_FAMILY = "1,2";
			};
			name = Debug;
		};
		AC13AC7520528201002E5821 /* Release */ = {
			isa = XCBuildConfiguration;
			baseConfigurationReference = 47FF7CD723D3634DD7A42341 /* Pods-Multithreading.release.xcconfig */;
			buildSettings = {
				ASSETCATALOG_COMPILER_APPICON_NAME = AppIcon;
				CODE_SIGN_STYLE = Automatic;
				DEVELOPMENT_TEAM = SB865CS7Y5;
				INFOPLIST_FILE = threads/Info.plist;
				LD_RUNPATH_SEARCH_PATHS = "$(inherited) @executable_path/Frameworks";
				PRODUCT_BUNDLE_IDENTIFIER = com.starcut.threads;
				PRODUCT_NAME = "$(TARGET_NAME)";
				SWIFT_VERSION = 4.0;
				TARGETED_DEVICE_FAMILY = "1,2";
			};
			name = Release;
		};
/* End XCBuildConfiguration section */

/* Begin XCConfigurationList section */
		AC13AC5C20528201002E5821 /* Build configuration list for PBXProject "Multithreadingtest" */ = {
			isa = XCConfigurationList;
			buildConfigurations = (
				AC13AC7120528201002E5821 /* Debug */,
				AC13AC7220528201002E5821 /* Release */,
			);
			defaultConfigurationIsVisible = 0;
			defaultConfigurationName = Release;
		};
		AC13AC7320528201002E5821 /* Build configuration list for PBXNativeTarget "Multithreading" */ = {
			isa = XCConfigurationList;
			buildConfigurations = (
				AC13AC7420528201002E5821 /* Debug */,
				AC13AC7520528201002E5821 /* Release */,
			);
			defaultConfigurationIsVisible = 0;
			defaultConfigurationName = Release;
		};
/* End XCConfigurationList section */
	};
	rootObject = AC13AC5920528201002E5821 /* Project object */;
}
